{
  "name": "discord-multiplayer-template",
  "version": "1.1",
  "lockfileVersion": 3,
  "requires": true,
  "packages": {
    "": {
      "name": "discord-multiplayer-template",
      "version": "1.1",
      "hasInstallScript": true,
      "license": "MIT",
      "devDependencies": {
        "@types/node": "^20.17.50",
        "cloudflared": "^0.5.3"
      },
      "engines": {
        "node": ">=21.0.0"
      }
    },
    "node_modules/@types/node": {
      "version": "20.17.50",
      "resolved": "https://registry.npmjs.org/@types/node/-/node-20.17.50.tgz",
      "integrity": "sha512-Mxiq0ULv/zo1OzOhwPqOA13I81CV/W3nvd3ChtQZRT5Cwz3cr0FKo/wMSsbTqL3EXpaBAEQhva2B8ByRkOIh9A==",
      "dev": true,
      "dependencies": {
        "undici-types": "~6.19.2"
      }
    },
    "node_modules/cloudflared": {
      "version": "0.5.3",
      "resolved": "https://registry.npmjs.org/cloudflared/-/cloudflared-0.5.3.tgz",
      "integrity": "sha512-v2Hxnm9uZsc3ub4hf7xEzn1MSovY2mGZR2SB/xrvMuV6l+YfFLbE8KYPNuEdpFOS6sWldOvy/bpNhKvMQKsM+Q==",
      "dev": true,
      "hasInstallScript": true,
      "license": "MIT",
      "bin": {
        "cloudflared": "lib/cloudflared.js"
      }
    },
    "node_modules/undici-types": {
      "version": "6.19.8",
      "resolved": "https://registry.npmjs.org/undici-types/-/undici-types-6.19.8.tgz",
      "integrity": "sha512-ve2KP6f/JnbPBFyobGHuerC9g1FYGn/F8n1LWTwNxCEzd6IfqTwUQcNXgEtmmQ6DlRrC1hrSrBnCZPokRrDHjw==",
      "dev": true
    }
  }
}
