{
  "name": "discord-multiplayer-template",
  "version": "1.1",
  "lockfileVersion": 3,
  "requires": true,
  "packages": {
    "": {
      "name": "discord-multiplayer-template",
      "version": "1.1",
      "hasInstallScript": true,
      "license": "MIT",
      "devDependencies": {
        "@types/node": "^20.12.11",
        "cloudflared": "^0.5.3"
      },
      "engines": {
        "node": ">=21.0.0"
      }
    },
    "node_modules/@types/node": {
      "version": "20.12.11",
      "resolved": "https://registry.npmjs.org/@types/node/-/node-20.12.11.tgz",
      "integrity": "sha512-vDg9PZ/zi+Nqp6boSOT7plNuthRugEKixDv5sFTIpkE89MmNtEArAShI4mxuX2+UrLEe9pxC1vm2cjm9YlWbJw==",
      "dev": true,
      "dependencies": {
        "undici-types": "~5.26.4"
      }
    },
    "node_modules/cloudflared": {
      "version": "0.5.3",
      "resolved": "https://registry.npmjs.org/cloudflared/-/cloudflared-0.5.3.tgz",
      "integrity": "sha512-v2Hxnm9uZsc3ub4hf7xEzn1MSovY2mGZR2SB/xrvMuV6l+YfFLbE8KYPNuEdpFOS6sWldOvy/bpNhKvMQKsM+Q==",
      "dev": true,
      "hasInstallScript": true,
      "license": "MIT",
      "bin": {
        "cloudflared": "lib/cloudflared.js"
      }
    },
    "node_modules/undici-types": {
      "version": "5.26.5",
      "resolved": "https://registry.npmjs.org/undici-types/-/undici-types-5.26.5.tgz",
      "integrity": "sha512-JlCMO+ehdEIKqlFxk6IfVoAUVmgz7cU7zD/h9XZ0qzeosSHmUJVOzSQvvYSYWXkFXC+IfLKSIffhv0sVZup6pA==",
      "dev": true
    }
  }
}
